
Microsoft Visual Studio Solution File, Format Version 12.00
# Visual Studio Version 16
VisualStudioVersion = 16.0.31205.134
MinimumVisualStudioVersion = 10.0.40219.1
Project("{9A19103F-16F7-4668-BE54-9A1E7A4F7556}") = "IdentityAPI", "IdentityAPI\IdentityAPI.csproj", "{BD12B5A4-188E-4D5C-9F44-77CDD80EA844}"
EndProject
Project("{9A19103F-16F7-4668-BE54-9A1E7A4F7556}") = "ReservationAPI", "ReservationAPI\ReservationAPI.csproj", "{976DAB70-72E7-407F-B450-675815B6F523}"
EndProject
Project("{9A19103F-16F7-4668-BE54-9A1E7A4F7556}") = "HotelAPI", "HotelAPI\HotelAPI.csproj", "{EF0E45AF-A96B-4554-8A5B-1C76736B28C9}"
EndProject
Project("{9A19103F-16F7-4668-BE54-9A1E7A4F7556}") = "WebMVC", "WebMVC\WebMVC.csproj", "{F8DEFAE8-6F51-46E8-9233-0C89EC180307}"
	ProjectSection(ProjectDependencies) = postProject
		{976DAB70-72E7-407F-B450-675815B6F523} = {976DAB70-72E7-407F-B450-675815B6F523}
		{BD12B5A4-188E-4D5C-9F44-77CDD80EA844} = {BD12B5A4-188E-4D5C-9F44-77CDD80EA844}
		{EF0E45AF-A96B-4554-8A5B-1C76736B28C9} = {EF0E45AF-A96B-4554-8A5B-1C76736B28C9}
	EndProjectSection
EndProject
Global
	GlobalSection(SolutionConfigurationPlatforms) = preSolution
		Debug|Any CPU = Debug|Any CPU
		Release|Any CPU = Release|Any CPU
	EndGlobalSection
	GlobalSection(ProjectConfigurationPlatforms) = postSolution
		{BD12B5A4-188E-4D5C-9F44-77CDD80EA844}.Debug|Any CPU.ActiveCfg = Release|Any CPU
		{BD12B5A4-188E-4D5C-9F44-77CDD80EA844}.Debug|Any CPU.Build.0 = Release|Any CPU
		{BD12B5A4-188E-4D5C-9F44-77CDD80EA844}.Release|Any CPU.ActiveCfg = Release|Any CPU
		{BD12B5A4-188E-4D5C-9F44-77CDD80EA844}.Release|Any CPU.Build.0 = Release|Any CPU
		{976DAB70-72E7-407F-B450-675815B6F523}.Debug|Any CPU.ActiveCfg = Release|Any CPU
		{976DAB70-72E7-407F-B450-675815B6F523}.Debug|Any CPU.Build.0 = Release|Any CPU
		{976DAB70-72E7-407F-B450-675815B6F523}.Release|Any CPU.ActiveCfg = Release|Any CPU
		{976DAB70-72E7-407F-B450-675815B6F523}.Release|Any CPU.Build.0 = Release|Any CPU
		{EF0E45AF-A96B-4554-8A5B-1C76736B28C9}.Debug|Any CPU.ActiveCfg = Release|Any CPU
		{EF0E45AF-A96B-4554-8A5B-1C76736B28C9}.Debug|Any CPU.Build.0 = Release|Any CPU
		{EF0E45AF-A96B-4554-8A5B-1C76736B28C9}.Release|Any CPU.ActiveCfg = Release|Any CPU
		{EF0E45AF-A96B-4554-8A5B-1C76736B28C9}.Release|Any CPU.Build.0 = Release|Any CPU
		{F8DEFAE8-6F51-46E8-9233-0C89EC180307}.Debug|Any CPU.ActiveCfg = Release|Any CPU
		{F8DEFAE8-6F51-46E8-9233-0C89EC180307}.Debug|Any CPU.Build.0 = Release|Any CPU
		{F8DEFAE8-6F51-46E8-9233-0C89EC180307}.Release|Any CPU.ActiveCfg = Release|Any CPU
		{F8DEFAE8-6F51-46E8-9233-0C89EC180307}.Release|Any CPU.Build.0 = Release|Any CPU
	EndGlobalSection
	GlobalSection(SolutionProperties) = preSolution
		HideSolutionNode = FALSE
	EndGlobalSection
	GlobalSection(ExtensibilityGlobals) = postSolution
		SolutionGuid = {598E1254-533D-4A5F-BA29-6FCCF76B7FCB}
	EndGlobalSection
EndGlobal
